// !$*UTF8*$!
{
	archiveVersion = 1;
	classes = {
	};
	objectVersion = 46;
	objects = {

/* Begin PBXBuildFile section */
		518149711CB83B250047BBC5 /* AppDelegate.swift in Sources */ = {isa = PBXBuildFile; fileRef = 518149701CB83B250047BBC5 /* AppDelegate.swift */; };
		518149761CB83B250047BBC5 /* Main.storyboard in Resources */ = {isa = PBXBuildFile; fileRef = 518149741CB83B250047BBC5 /* Main.storyboard */; };
		518149781CB83B250047BBC5 /* Assets.xcassets in Resources */ = {isa = PBXBuildFile; fileRef = 518149771CB83B250047BBC5 /* Assets.xcassets */; };
		5181497B1CB83B250047BBC5 /* LaunchScreen.storyboard in Resources */ = {isa = PBXBuildFile; fileRef = 518149791CB83B250047BBC5 /* LaunchScreen.storyboard */; };
		518149831CB83C5E0047BBC5 /* Entry.swift in Sources */ = {isa = PBXBuildFile; fileRef = 518149821CB83C5E0047BBC5 /* Entry.swift */; };
		518149851CB83E960047BBC5 /* EntryController.swift in Sources */ = {isa = PBXBuildFile; fileRef = 518149841CB83E960047BBC5 /* EntryController.swift */; };
		518149891CB84B180047BBC5 /* EntryListTableViewController.swift in Sources */ = {isa = PBXBuildFile; fileRef = 518149881CB84B180047BBC5 /* EntryListTableViewController.swift */; };
		5181498C1CB84D5B0047BBC5 /* EntryViewController.swift in Sources */ = {isa = PBXBuildFile; fileRef = 5181498B1CB84D5B0047BBC5 /* EntryViewController.swift */; };
/* End PBXBuildFile section */

/* Begin PBXFileReference section */
		5181496D1CB83B250047BBC5 /* JournalTest.app */ = {isa = PBXFileReference; explicitFileType = wrapper.application; includeInIndex = 0; path = JournalTest.app; sourceTree = BUILT_PRODUCTS_DIR; };
		518149701CB83B250047BBC5 /* AppDelegate.swift */ = {isa = PBXFileReference; lastKnownFileType = sourcecode.swift; path = AppDelegate.swift; sourceTree = "<group>"; };
		518149751CB83B250047BBC5 /* Base */ = {isa = PBXFileReference; lastKnownFileType = file.storyboard; name = Base; path = Base.lproj/Main.storyboard; sourceTree = "<group>"; };
		518149771CB83B250047BBC5 /* Assets.xcassets */ = {isa = PBXFileReference; lastKnownFileType = folder.assetcatalog; path = Assets.xcassets; sourceTree = "<group>"; };
		5181497A1CB83B250047BBC5 /* Base */ = {isa = PBXFileReference; lastKnownFileType = file.storyboard; name = Base; path = Base.lproj/LaunchScreen.storyboard; sourceTree = "<group>"; };
		5181497C1CB83B250047BBC5 /* Info.plist */ = {isa = PBXFileReference; lastKnownFileType = text.plist.xml; path = Info.plist; sourceTree = "<group>"; };
		518149821CB83C5E0047BBC5 /* Entry.swift */ = {isa = PBXFileReference; fileEncoding = 4; lastKnownFileType = sourcecode.swift; path = Entry.swift; sourceTree = "<group>"; };
		518149841CB83E960047BBC5 /* EntryController.swift */ = {isa = PBXFileReference; fileEncoding = 4; lastKnownFileType = sourcecode.swift; path = EntryController.swift; sourceTree = "<group>"; };
		518149881CB84B180047BBC5 /* EntryListTableViewController.swift */ = {isa = PBXFileReference; fileEncoding = 4; lastKnownFileType = sourcecode.swift; path = EntryListTableViewController.swift; sourceTree = "<group>"; };
		5181498B1CB84D5B0047BBC5 /* EntryViewController.swift */ = {isa = PBXFileReference; fileEncoding = 4; lastKnownFileType = sourcecode.swift; path = EntryViewController.swift; sourceTree = "<group>"; };
/* End PBXFileReference section */

/* Begin PBXFrameworksBuildPhase section */
		5181496A1CB83B250047BBC5 /* Frameworks */ = {
			isa = PBXFrameworksBuildPhase;
			buildActionMask = 2147483647;
			files = (
			);
			runOnlyForDeploymentPostprocessing = 0;
		};
/* End PBXFrameworksBuildPhase section */

/* Begin PBXGroup section */
		518149641CB83B250047BBC5 = {
			isa = PBXGroup;
			children = (
				5181496F1CB83B250047BBC5 /* JournalTest */,
				5181496E1CB83B250047BBC5 /* Products */,
			);
			sourceTree = "<group>";
		};
		5181496E1CB83B250047BBC5 /* Products */ = {
			isa = PBXGroup;
			children = (
				5181496D1CB83B250047BBC5 /* JournalTest.app */,
			);
			name = Products;
			sourceTree = "<group>";
		};
		5181496F1CB83B250047BBC5 /* JournalTest */ = {
			isa = PBXGroup;
			children = (
				518149701CB83B250047BBC5 /* AppDelegate.swift */,
				518149741CB83B250047BBC5 /* Main.storyboard */,
				518149861CB83EDF0047BBC5 /* Model */,
				518149871CB83EF10047BBC5 /* Controller */,
				5181498A1CB84B1F0047BBC5 /* View */,
				518149771CB83B250047BBC5 /* Assets.xcassets */,
				518149791CB83B250047BBC5 /* LaunchScreen.storyboard */,
				5181497C1CB83B250047BBC5 /* Info.plist */,
			);
			path = JournalTest;
			sourceTree = "<group>";
		};
		518149861CB83EDF0047BBC5 /* Model */ = {
			isa = PBXGroup;
			children = (
				518149821CB83C5E0047BBC5 /* Entry.swift */,
			);
			name = Model;
			sourceTree = "<group>";
		};
		518149871CB83EF10047BBC5 /* Controller */ = {
			isa = PBXGroup;
			children = (
				518149841CB83E960047BBC5 /* EntryController.swift */,
			);
			name = Controller;
			sourceTree = "<group>";
		};
		5181498A1CB84B1F0047BBC5 /* View */ = {
			isa = PBXGroup;
			children = (
				518149881CB84B180047BBC5 /* EntryListTableViewController.swift */,
				5181498B1CB84D5B0047BBC5 /* EntryViewController.swift */,
			);
			name = View;
			sourceTree = "<group>";
		};
/* End PBXGroup section */

/* Begin PBXNativeTarget section */
		5181496C1CB83B250047BBC5 /* JournalTest */ = {
			isa = PBXNativeTarget;
			buildConfigurationList = 5181497F1CB83B250047BBC5 /* Build configuration list for PBXNativeTarget "JournalTest" */;
			buildPhases = (
				518149691CB83B250047BBC5 /* Sources */,
				5181496A1CB83B250047BBC5 /* Frameworks */,
				5181496B1CB83B250047BBC5 /* Resources */,
			);
			buildRules = (
			);
			dependencies = (
			);
			name = JournalTest;
			productName = JournalTest;
			productReference = 5181496D1CB83B250047BBC5 /* JournalTest.app */;
			productType = "com.apple.product-type.application";
		};
/* End PBXNativeTarget section */

/* Begin PBXProject section */
		518149651CB83B250047BBC5 /* Project object */ = {
			isa = PBXProject;
			attributes = {
				LastSwiftUpdateCheck = 0730;
				LastUpgradeCheck = 0730;
				ORGANIZATIONNAME = "Ryan Garrett";
				TargetAttributes = {
					5181496C1CB83B250047BBC5 = {
						CreatedOnToolsVersion = 7.3;
					};
				};
			};
			buildConfigurationList = 518149681CB83B250047BBC5 /* Build configuration list for PBXProject "JournalTest" */;
			compatibilityVersion = "Xcode 3.2";
			developmentRegion = English;
			hasScannedForEncodings = 0;
			knownRegions = (
				en,
				Base,
			);
			mainGroup = 518149641CB83B250047BBC5;
			productRefGroup = 5181496E1CB83B250047BBC5 /* Products */;
			projectDirPath = "";
			projectRoot = "";
			targets = (
				5181496C1CB83B250047BBC5 /* JournalTest */,
			);
		};
/* End PBXProject section */

/* Begin PBXResourcesBuildPhase section */
		5181496B1CB83B250047BBC5 /* Resources */ = {
			isa = PBXResourcesBuildPhase;
			buildActionMask = 2147483647;
			files = (
				5181497B1CB83B250047BBC5 /* LaunchScreen.storyboard in Resources */,
				518149781CB83B250047BBC5 /* Assets.xcassets in Resources */,
				518149761CB83B250047BBC5 /* Main.storyboard in Resources */,
			);
			runOnlyForDeploymentPostprocessing = 0;
		};
/* End PBXResourcesBuildPhase section */

/* Begin PBXSourcesBuildPhase section */
		518149691CB83B250047BBC5 /* Sources */ = {
			isa = PBXSourcesBuildPhase;
			buildActionMask = 2147483647;
			files = (
				518149831CB83C5E0047BBC5 /* Entry.swift in Sources */,
				518149891CB84B180047BBC5 /* EntryListTableViewController.swift in Sources */,
				518149851CB83E960047BBC5 /* EntryController.swift in Sources */,
				518149711CB83B250047BBC5 /* AppDelegate.swift in Sources */,
				5181498C1CB84D5B0047BBC5 /* EntryViewController.swift in Sources */,
			);
			runOnlyForDeploymentPostprocessing = 0;
		};
/* End PBXSourcesBuildPhase section */

/* Begin PBXVariantGroup section */
		518149741CB83B250047BBC5 /* Main.storyboard */ = {
			isa = PBXVariantGroup;
			children = (
				518149751CB83B250047BBC5 /* Base */,
			);
			name = Main.storyboard;
			sourceTree = "<group>";
		};
		518149791CB83B250047BBC5 /* LaunchScreen.storyboard */ = {
			isa = PBXVariantGroup;
			children = (
				5181497A1CB83B250047BBC5 /* Base */,
			);
			name = LaunchScreen.storyboard;
			sourceTree = "<group>";
		};
/* End PBXVariantGroup section */

/* Begin XCBuildConfiguration section */
		5181497D1CB83B250047BBC5 /* Debug */ = {
			isa = XCBuildConfiguration;
			buildSettings = {
				ALWAYS_SEARCH_USER_PATHS = NO;
				CLANG_ANALYZER_NONNULL = YES;
				CLANG_CXX_LANGUAGE_STANDARD = "gnu++0x";
				CLANG_CXX_LIBRARY = "libc++";
				CLANG_ENABLE_MODULES = YES;
				CLANG_ENABLE_OBJC_ARC = YES;
				CLANG_WARN_BOOL_CONVERSION = YES;
				CLANG_WARN_CONSTANT_CONVERSION = YES;
				CLANG_WARN_DIRECT_OBJC_ISA_USAGE = YES_ERROR;
				CLANG_WARN_EMPTY_BODY = YES;
				CLANG_WARN_ENUM_CONVERSION = YES;
				CLANG_WARN_INT_CONVERSION = YES;
				CLANG_WARN_OBJC_ROOT_CLASS = YES_ERROR;
				CLANG_WARN_UNREACHABLE_CODE = YES;
				CLANG_WARN__DUPLICATE_METHOD_MATCH = YES;
				"CODE_SIGN_IDENTITY[sdk=iphoneos*]" = "iPhone Developer";
				COPY_PHASE_STRIP = NO;
				DEBUG_INFORMATION_FORMAT = dwarf;
				ENABLE_STRICT_OBJC_MSGSEND = YES;
				ENABLE_TESTABILITY = YES;
				GCC_C_LANGUAGE_STANDARD = gnu99;
				GCC_DYNAMIC_NO_PIC = NO;
				GCC_NO_COMMON_BLOCKS = YES;
				GCC_OPTIMIZATION_LEVEL = 0;
				GCC_PREPROCESSOR_DEFINITIONS = (
					"DEBUG=1",
					"$(inherited)",
				);
				GCC_WARN_64_TO_32_BIT_CONVERSION = YES;
				GCC_WARN_ABOUT_RETURN_TYPE = YES_ERROR;
				GCC_WARN_UNDECLARED_SELECTOR = YES;
				GCC_WARN_UNINITIALIZED_AUTOS = YES_AGGRESSIVE;
				GCC_WARN_UNUSED_FUNCTION = YES;
				GCC_WARN_UNUSED_VARIABLE = YES;
				IPHONEOS_DEPLOYMENT_TARGET = 9.3;
				MTL_ENABLE_DEBUG_INFO = YES;
				ONLY_ACTIVE_ARCH = YES;
				SDKROOT = iphoneos;
				SWIFT_OPTIMIZATION_LEVEL = "-Onone";
			};
			name = Debug;
		};
		5181497E1CB83B250047BBC5 /* Release */ = {
			isa = XCBuildConfiguration;
			buildSettings = {
				ALWAYS_SEARCH_USER_PATHS = NO;
				CLANG_ANALYZER_NONNULL = YES;
				CLANG_CXX_LANGUAGE_STANDARD = "gnu++0x";
				CLANG_CXX_LIBRARY = "libc++";
				CLANG_ENABLE_MODULES = YES;
				CLANG_ENABLE_OBJC_ARC = YES;
				CLANG_WARN_BOOL_CONVERSION = YES;
				CLANG_WARN_CONSTANT_CONVERSION = YES;
				CLANG_WARN_DIRECT_OBJC_ISA_USAGE = YES_ERROR;
				CLANG_WARN_EMPTY_BODY = YES;
				CLANG_WARN_ENUM_CONVERSION = YES;
				CLANG_WARN_INT_CONVERSION = YES;
				CLANG_WARN_OBJC_ROOT_CLASS = YES_ERROR;
				CLANG_WARN_UNREACHABLE_CODE = YES;
				CLANG_WARN__DUPLICATE_METHOD_MATCH = YES;
				"CODE_SIGN_IDENTITY[sdk=iphoneos*]" = "iPhone Developer";
				COPY_PHASE_STRIP = NO;
				DEBUG_INFORMATION_FORMAT = "dwarf-with-dsym";
				ENABLE_NS_ASSERTIONS = NO;
				ENABLE_STRICT_OBJC_MSGSEND = YES;
				GCC_C_LANGUAGE_STANDARD = gnu99;
				GCC_NO_COMMON_BLOCKS = YES;
				GCC_WARN_64_TO_32_BIT_CONVERSION = YES;
				GCC_WARN_ABOUT_RETURN_TYPE = YES_ERROR;
				GCC_WARN_UNDECLARED_SELECTOR = YES;
				GCC_WARN_UNINITIALIZED_AUTOS = YES_AGGRESSIVE;
				GCC_WARN_UNUSED_FUNCTION = YES;
				GCC_WARN_UNUSED_VARIABLE = YES;
				IPHONEOS_DEPLOYMENT_TARGET = 9.3;
				MTL_ENABLE_DEBUG_INFO = NO;
				SDKROOT = iphoneos;
				VALIDATE_PRODUCT = YES;
			};
			name = Release;
		};
		518149801CB83B250047BBC5 /* Debug */ = {
			isa = XCBuildConfiguration;
			buildSettings = {
				ASSETCATALOG_COMPILER_APPICON_NAME = AppIcon;
				INFOPLIST_FILE = JournalTest/Info.plist;
				LD_RUNPATH_SEARCH_PATHS = "$(inherited) @executable_path/Frameworks";
				PRODUCT_BUNDLE_IDENTIFIER = com.example.JournalTest;
				PRODUCT_NAME = "$(TARGET_NAME)";
			};
			name = Debug;
		};
		518149811CB83B250047BBC5 /* Release */ = {
			isa = XCBuildConfiguration;
			buildSettings = {
				ASSETCATALOG_COMPILER_APPICON_NAME = AppIcon;
				INFOPLIST_FILE = JournalTest/Info.plist;
				LD_RUNPATH_SEARCH_PATHS = "$(inherited) @executable_path/Frameworks";
				PRODUCT_BUNDLE_IDENTIFIER = com.example.JournalTest;
				PRODUCT_NAME = "$(TARGET_NAME)";
			};
			name = Release;
		};
/* End XCBuildConfiguration section */

/* Begin XCConfigurationList section */
		518149681CB83B250047BBC5 /* Build configuration list for PBXProject "JournalTest" */ = {
			isa = XCConfigurationList;
			buildConfigurations = (
				5181497D1CB83B250047BBC5 /* Debug */,
				5181497E1CB83B250047BBC5 /* Release */,
			);
			defaultConfigurationIsVisible = 0;
			defaultConfigurationName = Release;
		};
		5181497F1CB83B250047BBC5 /* Build configuration list for PBXNativeTarget "JournalTest" */ = {
			isa = XCConfigurationList;
			buildConfigurations = (
				518149801CB83B250047BBC5 /* Debug */,
				518149811CB83B250047BBC5 /* Release */,
			);
			defaultConfigurationIsVisible = 0;
		};
/* End XCConfigurationList section */
	};
	rootObject = 518149651CB83B250047BBC5 /* Project object */;
}
